{
  "name": "city-cap-db",
  "version": "1.0.0",
  "lockfileVersion": 1,
  "requires": true,
  "dependencies": {
    "@sap/hdi-deploy": {
      "version": "3.11.0",
      "resolved": "https://npm.sap.com/@sap/hdi-deploy/-/hdi-deploy-3.11.0.tgz",
      "integrity": "sha512-RKRQ4vI9MUS6JTnDKvAsyBild78sHHQtZQ8LpN5PStLLTjwmIF9MIVFASp1l0hR8RWyVPDwP3BMcwfFLVNMaYQ==",
      "requires": {
        "@sap/hana-client": "2.3.123",
        "@sap/hdi": "2.2.0",
        "@sap/xsenv": "1.2.9",
        "async": "2.6.2",
        "handlebars": "4.1.2"
      },
      "dependencies": {
        "@sap/hana-client": {
          "version": "2.3.123",
          "resolved": "https://npm.sap.com/@sap/hana-client/-/hana-client-2.3.123.tgz",
          "integrity": "sha512-WM0T+cPT+nvFmPgpFCcxxUdLeDkJfAVahq7kDGft26KC2aDpQ1RK3I71dA9U86jF1tZxMwRd4imhG83SkY5Mjg==",
          "requires": {
            "debug": "3.1.0"
          },
          "dependencies": {
            "debug": {
              "version": "3.1.0",
              "resolved": "https://registry.npmjs.org/debug/-/debug-3.1.0.tgz",
              "integrity": "sha512-OX8XqP7/1a9cqkxYw2yXss15f26NKWBpDXQd0/uK/KPqdQhxbPa994hnzjcE2VqQpDslf55723cKPUOGSmMY3g==",
              "requires": {
                "ms": "2.0.0"
              }
            },
            "ms": {
              "version": "2.0.0",
              "resolved": "https://registry.npmjs.org/ms/-/ms-2.0.0.tgz",
              "integrity": "sha1-VgiurfwAvmwpAd9fmGF4jeDVl8g="
            }
          }
        },
        "@sap/hdi": {
          "version": "2.2.0",
          "resolved": "https://npm.sap.com/@sap/hdi/-/hdi-2.2.0.tgz",
          "integrity": "sha512-IG7Lu7ZOjCHJ6PVrc7pEeyeiIrbJ0cr552LAnK1a044IIXOgKKMOZvMLNUSwQkiEx73TFDzKyow/TQl57lxXmQ==",
          "requires": {
            "@sap/hana-client": "2.3.123",
            "async": "2.6.1"
          },
          "dependencies": {
            "async": {
              "version": "2.6.1",
              "resolved": "https://registry.npmjs.org/async/-/async-2.6.1.tgz",
              "integrity": "sha512-fNEiL2+AZt6AlAw/29Cr0UDe4sRAHCpEHh54WMz+Bb7QfNcFw4h3loofyJpLeQs4Yx7yuqu/2dLgM5hKOs6HlQ==",
              "requires": {
                "lodash": "^4.17.10"
              }
            }
          }
        },
        "@sap/xsenv": {
          "version": "1.2.9",
          "resolved": "https://npm.sap.com/@sap/xsenv/-/xsenv-1.2.9.tgz",
          "integrity": "sha1-IMflMuIafikYske0ih0PQo8zrpQ=",
          "requires": {
            "debug": "3.1.0",
            "verror": "1.10.0"
          },
          "dependencies": {
            "debug": {
              "version": "3.1.0",
              "resolved": "https://registry.npmjs.org/debug/-/debug-3.1.0.tgz",
              "integrity": "sha512-OX8XqP7/1a9cqkxYw2yXss15f26NKWBpDXQd0/uK/KPqdQhxbPa994hnzjcE2VqQpDslf55723cKPUOGSmMY3g==",
              "requires": {
                "ms": "2.0.0"
              }
            },
            "ms": {
              "version": "2.0.0",
              "resolved": "https://registry.npmjs.org/ms/-/ms-2.0.0.tgz",
              "integrity": "sha1-VgiurfwAvmwpAd9fmGF4jeDVl8g="
            }
          }
        },
        "assert-plus": {
          "version": "1.0.0",
          "resolved": "https://registry.npmjs.org/assert-plus/-/assert-plus-1.0.0.tgz",
          "integrity": "sha1-8S4PPF13sLHN2RRpQuTpbB5N1SU="
        },
        "async": {
          "version": "2.6.2",
          "resolved": "https://registry.npmjs.org/async/-/async-2.6.2.tgz",
          "integrity": "sha512-H1qVYh1MYhEEFLsP97cVKqCGo7KfCyTt6uEWqsTBr9SO84oK9Uwbyd/yCW+6rKJLHksBNUVWZDAjfS+Ccx0Bbg==",
          "requires": {
            "lodash": "^4.17.11"
          }
        },
        "commander": {
          "version": "2.20.0",
          "resolved": "https://registry.npmjs.org/commander/-/commander-2.20.0.tgz",
          "integrity": "sha512-7j2y+40w61zy6YC2iRNpUe/NwhNyoXrYpHMrSunaMG64nRnaf96zO/KMQR4OyN/UnE5KLyEBnKHd4aG3rskjpQ==",
          "optional": true
        },
        "core-util-is": {
          "version": "1.0.2",
          "resolved": "https://registry.npmjs.org/core-util-is/-/core-util-is-1.0.2.tgz",
          "integrity": "sha1-tf1UIgqivFq1eqtxQMlAdUUDwac="
        },
        "extsprintf": {
          "version": "1.4.0",
          "resolved": "https://registry.npmjs.org/extsprintf/-/extsprintf-1.4.0.tgz",
          "integrity": "sha1-4mifjzVvrWLMplo6kcXfX5VRaS8="
        },
        "handlebars": {
          "version": "4.1.2",
          "resolved": "https://registry.npmjs.org/handlebars/-/handlebars-4.1.2.tgz",
          "integrity": "sha512-nvfrjqvt9xQ8Z/w0ijewdD/vvWDTOweBUm96NTr66Wfvo1mJenBLwcYmPs3TIBP5ruzYGD7Hx/DaM9RmhroGPw==",
          "requires": {
            "neo-async": "^2.6.0",
            "optimist": "^0.6.1",
            "source-map": "^0.6.1",
            "uglify-js": "^3.1.4"
          }
        },
        "lodash": {
          "version": "4.17.11",
          "resolved": "https://registry.npmjs.org/lodash/-/lodash-4.17.11.tgz",
          "integrity": "sha512-cQKh8igo5QUhZ7lg38DYWAxMvjSAKG0A8wGSVimP07SIUEK2UO+arSRKbRZWtelMtN5V0Hkwh5ryOto/SshYIg=="
        },
        "minimist": {
          "version": "0.0.10",
          "resolved": "https://registry.npmjs.org/minimist/-/minimist-0.0.10.tgz",
          "integrity": "sha1-3j+YVD2/lggr5IrRoMfNqDYwHc8="
        },
        "neo-async": {
          "version": "2.6.0",
          "resolved": "https://registry.npmjs.org/neo-async/-/neo-async-2.6.0.tgz",
          "integrity": "sha512-MFh0d/Wa7vkKO3Y3LlacqAEeHK0mckVqzDieUKTT+KGxi+zIpeVsFxymkIiRpbpDziHc290Xr9A1O4Om7otoRA=="
        },
        "optimist": {
          "version": "0.6.1",
          "resolved": "https://registry.npmjs.org/optimist/-/optimist-0.6.1.tgz",
          "integrity": "sha1-2j6nRob6IaGaERwybpDrFaAZZoY=",
          "requires": {
            "minimist": "~0.0.1",
            "wordwrap": "~0.0.2"
          }
        },
        "source-map": {
          "version": "0.6.1",
          "resolved": "https://registry.npmjs.org/source-map/-/source-map-0.6.1.tgz",
          "integrity": "sha512-UjgapumWlbMhkBgzT7Ykc5YXUT46F0iKu8SGXq0bcwP5dz/h0Plj6enJqjz1Zbq2l5WaqYnrVbwWOWMyF3F47g=="
        },
        "uglify-js": {
          "version": "3.5.7",
          "resolved": "https://registry.npmjs.org/uglify-js/-/uglify-js-3.5.7.tgz",
          "integrity": "sha512-GCgJx3BBuaf/QMvBBkhoHDh4SVsHCC3ILEzriPw4FgJJKCuxVBSYLRkDlmT3uhXyGWKs3VN5r0mCkBIZaHWu3w==",
          "optional": true,
          "requires": {
            "commander": "~2.20.0",
            "source-map": "~0.6.1"
          }
        },
        "verror": {
          "version": "1.10.0",
          "resolved": "https://registry.npmjs.org/verror/-/verror-1.10.0.tgz",
          "integrity": "sha1-OhBcoXBTr1XW4nDB+CiGguGNpAA=",
          "requires": {
            "assert-plus": "^1.0.0",
            "core-util-is": "1.0.2",
            "extsprintf": "^1.2.0"
          }
        },
        "wordwrap": {
          "version": "0.0.3",
          "resolved": "https://registry.npmjs.org/wordwrap/-/wordwrap-0.0.3.tgz",
          "integrity": "sha1-o9XabNXAvAAI03I0u68b7WMFkQc="
        }
      }
    }
  }
}
