{
  "name": "city-cap-db",
  "version": "1.0.0",
  "lockfileVersion": 1,
  "requires": true,
  "dependencies": {
    "@sap/hdi-deploy": {
      "version": "3.11.2",
      "resolved": "https://npm.sap.com/@sap/hdi-deploy/-/hdi-deploy-3.11.2.tgz",
      "integrity": "sha512-sdr8O1/e0hfK9ooHnetJUFeTV4PCih1O/Gc8mfy+mWnj7IHMvRNq9hgalduFx5rjr8489F0dIhoSSrgthK8QVA==",
      "requires": {
        "@sap/hana-client": "2.4.139",
        "@sap/hdi": "2.2.3",
        "@sap/xsenv": "1.2.9",
        "async": "3.1.0",
        "handlebars": "4.1.2"
      },
      "dependencies": {
        "@sap/hana-client": {
          "version": "2.4.139",
          "resolved": "https://npm.sap.com/@sap/hana-client/-/hana-client-2.4.139.tgz",
          "integrity": "sha512-0Rc4blTxNg4M2wLx1CcoMznfPIuiXbnq6LrFOtsCRGKS9lBWJsVFLXO3fiYb4lMcyK9NVfhfKk61vxjUOMhqqg==",
          "requires": {
            "debug": "3.1.0"
          },
          "dependencies": {
            "debug": {
              "version": "3.1.0",
              "resolved": "https://registry.npmjs.org/debug/-/debug-3.1.0.tgz",
              "integrity": "sha512-OX8XqP7/1a9cqkxYw2yXss15f26NKWBpDXQd0/uK/KPqdQhxbPa994hnzjcE2VqQpDslf55723cKPUOGSmMY3g==",
              "requires": {
                "ms": "2.0.0"
              }
            },
            "ms": {
              "version": "2.0.0",
              "resolved": "https://registry.npmjs.org/ms/-/ms-2.0.0.tgz",
              "integrity": "sha1-VgiurfwAvmwpAd9fmGF4jeDVl8g="
            }
          }
        },
        "@sap/hdi": {
          "version": "2.2.3",
          "resolved": "https://npm.sap.com/@sap/hdi/-/hdi-2.2.3.tgz",
          "integrity": "sha512-Xv68abOsLaqk7ADA08W5hkHdE+F231XMgQlFmEvCnT9t1F5f0SK23iTrFkd3S5DtuPTXGvpCk9eizCC3pK67+Q==",
          "requires": {
            "@sap/hana-client": "2.4.139",
            "async": "3.1.0"
          },
          "dependencies": {
            "@sap/hana-client": {
              "version": "2.4.139",
              "resolved": "https://npm.sap.com/@sap/hana-client/-/hana-client-2.4.139.tgz",
              "integrity": "sha512-0Rc4blTxNg4M2wLx1CcoMznfPIuiXbnq6LrFOtsCRGKS9lBWJsVFLXO3fiYb4lMcyK9NVfhfKk61vxjUOMhqqg==",
              "requires": {
                "debug": "3.1.0"
              },
              "dependencies": {
                "debug": {
                  "version": "3.1.0",
                  "resolved": "https://registry.npmjs.org/debug/-/debug-3.1.0.tgz",
                  "integrity": "sha512-OX8XqP7/1a9cqkxYw2yXss15f26NKWBpDXQd0/uK/KPqdQhxbPa994hnzjcE2VqQpDslf55723cKPUOGSmMY3g==",
                  "requires": {
                    "ms": "2.0.0"
                  }
                },
                "ms": {
                  "version": "2.0.0",
                  "resolved": "https://registry.npmjs.org/ms/-/ms-2.0.0.tgz",
                  "integrity": "sha1-VgiurfwAvmwpAd9fmGF4jeDVl8g="
                }
              }
            },
            "async": {
              "version": "3.1.0",
              "resolved": "https://registry.npmjs.org/async/-/async-3.1.0.tgz",
              "integrity": "sha512-4vx/aaY6j/j3Lw3fbCHNWP0pPaTCew3F6F3hYyl/tHs/ndmV1q7NW9T5yuJ2XAGwdQrP+6Wu20x06U4APo/iQQ=="
            }
          }
        },
        "@sap/xsenv": {
          "version": "1.2.9",
          "resolved": "https://npm.sap.com/@sap/xsenv/-/xsenv-1.2.9.tgz",
          "integrity": "sha1-IMflMuIafikYske0ih0PQo8zrpQ=",
          "requires": {
            "debug": "3.1.0",
            "verror": "1.10.0"
          },
          "dependencies": {
            "assert-plus": {
              "version": "1.0.0",
              "resolved": "https://registry.npmjs.org/assert-plus/-/assert-plus-1.0.0.tgz",
              "integrity": "sha1-8S4PPF13sLHN2RRpQuTpbB5N1SU="
            },
            "core-util-is": {
              "version": "1.0.2",
              "resolved": "https://registry.npmjs.org/core-util-is/-/core-util-is-1.0.2.tgz",
              "integrity": "sha1-tf1UIgqivFq1eqtxQMlAdUUDwac="
            },
            "debug": {
              "version": "3.1.0",
              "resolved": "https://registry.npmjs.org/debug/-/debug-3.1.0.tgz",
              "integrity": "sha512-OX8XqP7/1a9cqkxYw2yXss15f26NKWBpDXQd0/uK/KPqdQhxbPa994hnzjcE2VqQpDslf55723cKPUOGSmMY3g==",
              "requires": {
                "ms": "2.0.0"
              }
            },
            "extsprintf": {
              "version": "1.4.0",
              "resolved": "https://registry.npmjs.org/extsprintf/-/extsprintf-1.4.0.tgz",
              "integrity": "sha1-4mifjzVvrWLMplo6kcXfX5VRaS8="
            },
            "ms": {
              "version": "2.0.0",
              "resolved": "https://registry.npmjs.org/ms/-/ms-2.0.0.tgz",
              "integrity": "sha1-VgiurfwAvmwpAd9fmGF4jeDVl8g="
            },
            "verror": {
              "version": "1.10.0",
              "resolved": "https://registry.npmjs.org/verror/-/verror-1.10.0.tgz",
              "integrity": "sha1-OhBcoXBTr1XW4nDB+CiGguGNpAA=",
              "requires": {
                "assert-plus": "^1.0.0",
                "core-util-is": "1.0.2",
                "extsprintf": "^1.2.0"
              }
            }
          }
        },
        "assert-plus": {
          "version": "1.0.0",
          "resolved": "https://registry.npmjs.org/assert-plus/-/assert-plus-1.0.0.tgz",
          "integrity": "sha1-8S4PPF13sLHN2RRpQuTpbB5N1SU="
        },
        "async": {
          "version": "3.1.0",
          "resolved": "https://registry.npmjs.org/async/-/async-3.1.0.tgz",
          "integrity": "sha512-4vx/aaY6j/j3Lw3fbCHNWP0pPaTCew3F6F3hYyl/tHs/ndmV1q7NW9T5yuJ2XAGwdQrP+6Wu20x06U4APo/iQQ=="
        },
        "commander": {
          "version": "2.20.0",
          "resolved": "https://registry.npmjs.org/commander/-/commander-2.20.0.tgz",
          "integrity": "sha512-7j2y+40w61zy6YC2iRNpUe/NwhNyoXrYpHMrSunaMG64nRnaf96zO/KMQR4OyN/UnE5KLyEBnKHd4aG3rskjpQ==",
          "optional": true
        },
        "core-util-is": {
          "version": "1.0.2",
          "resolved": "https://registry.npmjs.org/core-util-is/-/core-util-is-1.0.2.tgz",
          "integrity": "sha1-tf1UIgqivFq1eqtxQMlAdUUDwac="
        },
        "extsprintf": {
          "version": "1.4.0",
          "resolved": "https://registry.npmjs.org/extsprintf/-/extsprintf-1.4.0.tgz",
          "integrity": "sha1-4mifjzVvrWLMplo6kcXfX5VRaS8="
        },
        "handlebars": {
          "version": "4.1.2",
          "resolved": "https://registry.npmjs.org/handlebars/-/handlebars-4.1.2.tgz",
          "integrity": "sha512-nvfrjqvt9xQ8Z/w0ijewdD/vvWDTOweBUm96NTr66Wfvo1mJenBLwcYmPs3TIBP5ruzYGD7Hx/DaM9RmhroGPw==",
          "requires": {
            "neo-async": "^2.6.0",
            "optimist": "^0.6.1",
            "source-map": "^0.6.1",
            "uglify-js": "^3.1.4"
          }
        },
        "minimist": {
          "version": "0.0.10",
          "resolved": "https://registry.npmjs.org/minimist/-/minimist-0.0.10.tgz",
          "integrity": "sha1-3j+YVD2/lggr5IrRoMfNqDYwHc8="
        },
        "neo-async": {
          "version": "2.6.1",
          "resolved": "https://registry.npmjs.org/neo-async/-/neo-async-2.6.1.tgz",
          "integrity": "sha512-iyam8fBuCUpWeKPGpaNMetEocMt364qkCsfL9JuhjXX6dRnguRVOfk2GZaDpPjcOKiiXCPINZC1GczQ7iTq3Zw=="
        },
        "optimist": {
          "version": "0.6.1",
          "resolved": "https://registry.npmjs.org/optimist/-/optimist-0.6.1.tgz",
          "integrity": "sha1-2j6nRob6IaGaERwybpDrFaAZZoY=",
          "requires": {
            "minimist": "~0.0.1",
            "wordwrap": "~0.0.2"
          }
        },
        "source-map": {
          "version": "0.6.1",
          "resolved": "https://registry.npmjs.org/source-map/-/source-map-0.6.1.tgz",
          "integrity": "sha512-UjgapumWlbMhkBgzT7Ykc5YXUT46F0iKu8SGXq0bcwP5dz/h0Plj6enJqjz1Zbq2l5WaqYnrVbwWOWMyF3F47g=="
        },
        "uglify-js": {
          "version": "3.6.0",
          "resolved": "https://registry.npmjs.org/uglify-js/-/uglify-js-3.6.0.tgz",
          "integrity": "sha512-W+jrUHJr3DXKhrsS7NUVxn3zqMOFn0hL/Ei6v0anCIMoKC93TjcflTagwIHLW7SfMFfiQuktQyFVCFHGUE0+yg==",
          "optional": true,
          "requires": {
            "commander": "~2.20.0",
            "source-map": "~0.6.1"
          }
        },
        "verror": {
          "version": "1.10.0",
          "resolved": "https://registry.npmjs.org/verror/-/verror-1.10.0.tgz",
          "integrity": "sha1-OhBcoXBTr1XW4nDB+CiGguGNpAA=",
          "requires": {
            "assert-plus": "^1.0.0",
            "core-util-is": "1.0.2",
            "extsprintf": "^1.2.0"
          }
        },
        "wordwrap": {
          "version": "0.0.3",
          "resolved": "https://registry.npmjs.org/wordwrap/-/wordwrap-0.0.3.tgz",
          "integrity": "sha1-o9XabNXAvAAI03I0u68b7WMFkQc="
        }
      }
    }
  }
}
